
Microsoft Visual Studio Solution File, Format Version 12.00
# Visual Studio Version 17
VisualStudioVersion = 17.0.31903.59
MinimumVisualStudioVersion = 10.0.40219.1
Project("{FAE04EC0-301F-11D3-BF4B-00C04F79EFBC}") = "AudioPool.Services", "AudioPool.Services\AudioPool.Services.csproj", "{29846D2C-E823-4B6E-B8BF-7FB70A0988CE}"
EndProject
Project("{FAE04EC0-301F-11D3-BF4B-00C04F79EFBC}") = "AudioPool.Repository", "AudioPool.Repository\AudioPool.Repository.csproj", "{FD881544-D646-4C56-95A3-A78D1131AA86}"
EndProject
Project("{FAE04EC0-301F-11D3-BF4B-00C04F79EFBC}") = "AudioPool.Models", "AudioPool.Models\AudioPool.Models.csproj", "{366705C0-D032-4572-A71E-06BD8375CC81}"
EndProject
Project("{FAE04EC0-301F-11D3-BF4B-00C04F79EFBC}") = "AudioPool.WebApi", "AudioPool.WebApi\AudioPool.WebApi.csproj", "{898BD9A2-AB66-4F79-919D-9E435B680E72}"
EndProject
Global
	GlobalSection(SolutionConfigurationPlatforms) = preSolution
		Debug|Any CPU = Debug|Any CPU
		Debug|x64 = Debug|x64
		Debug|x86 = Debug|x86
		Release|Any CPU = Release|Any CPU
		Release|x64 = Release|x64
		Release|x86 = Release|x86
	EndGlobalSection
	GlobalSection(ProjectConfigurationPlatforms) = postSolution
		{29846D2C-E823-4B6E-B8BF-7FB70A0988CE}.Debug|Any CPU.ActiveCfg = Debug|Any CPU
		{29846D2C-E823-4B6E-B8BF-7FB70A0988CE}.Debug|Any CPU.Build.0 = Debug|Any CPU
		{29846D2C-E823-4B6E-B8BF-7FB70A0988CE}.Debug|x64.ActiveCfg = Debug|Any CPU
		{29846D2C-E823-4B6E-B8BF-7FB70A0988CE}.Debug|x64.Build.0 = Debug|Any CPU
		{29846D2C-E823-4B6E-B8BF-7FB70A0988CE}.Debug|x86.ActiveCfg = Debug|Any CPU
		{29846D2C-E823-4B6E-B8BF-7FB70A0988CE}.Debug|x86.Build.0 = Debug|Any CPU
		{29846D2C-E823-4B6E-B8BF-7FB70A0988CE}.Release|Any CPU.ActiveCfg = Release|Any CPU
		{29846D2C-E823-4B6E-B8BF-7FB70A0988CE}.Release|Any CPU.Build.0 = Release|Any CPU
		{29846D2C-E823-4B6E-B8BF-7FB70A0988CE}.Release|x64.ActiveCfg = Release|Any CPU
		{29846D2C-E823-4B6E-B8BF-7FB70A0988CE}.Release|x64.Build.0 = Release|Any CPU
		{29846D2C-E823-4B6E-B8BF-7FB70A0988CE}.Release|x86.ActiveCfg = Release|Any CPU
		{29846D2C-E823-4B6E-B8BF-7FB70A0988CE}.Release|x86.Build.0 = Release|Any CPU
		{FD881544-D646-4C56-95A3-A78D1131AA86}.Debug|Any CPU.ActiveCfg = Debug|Any CPU
		{FD881544-D646-4C56-95A3-A78D1131AA86}.Debug|Any CPU.Build.0 = Debug|Any CPU
		{FD881544-D646-4C56-95A3-A78D1131AA86}.Debug|x64.ActiveCfg = Debug|Any CPU
		{FD881544-D646-4C56-95A3-A78D1131AA86}.Debug|x64.Build.0 = Debug|Any CPU
		{FD881544-D646-4C56-95A3-A78D1131AA86}.Debug|x86.ActiveCfg = Debug|Any CPU
		{FD881544-D646-4C56-95A3-A78D1131AA86}.Debug|x86.Build.0 = Debug|Any CPU
		{FD881544-D646-4C56-95A3-A78D1131AA86}.Release|Any CPU.ActiveCfg = Release|Any CPU
		{FD881544-D646-4C56-95A3-A78D1131AA86}.Release|Any CPU.Build.0 = Release|Any CPU
		{FD881544-D646-4C56-95A3-A78D1131AA86}.Release|x64.ActiveCfg = Release|Any CPU
		{FD881544-D646-4C56-95A3-A78D1131AA86}.Release|x64.Build.0 = Release|Any CPU
		{FD881544-D646-4C56-95A3-A78D1131AA86}.Release|x86.ActiveCfg = Release|Any CPU
		{FD881544-D646-4C56-95A3-A78D1131AA86}.Release|x86.Build.0 = Release|Any CPU
		{366705C0-D032-4572-A71E-06BD8375CC81}.Debug|Any CPU.ActiveCfg = Debug|Any CPU
		{366705C0-D032-4572-A71E-06BD8375CC81}.Debug|Any CPU.Build.0 = Debug|Any CPU
		{366705C0-D032-4572-A71E-06BD8375CC81}.Debug|x64.ActiveCfg = Debug|Any CPU
		{366705C0-D032-4572-A71E-06BD8375CC81}.Debug|x64.Build.0 = Debug|Any CPU
		{366705C0-D032-4572-A71E-06BD8375CC81}.Debug|x86.ActiveCfg = Debug|Any CPU
		{366705C0-D032-4572-A71E-06BD8375CC81}.Debug|x86.Build.0 = Debug|Any CPU
		{366705C0-D032-4572-A71E-06BD8375CC81}.Release|Any CPU.ActiveCfg = Release|Any CPU
		{366705C0-D032-4572-A71E-06BD8375CC81}.Release|Any CPU.Build.0 = Release|Any CPU
		{366705C0-D032-4572-A71E-06BD8375CC81}.Release|x64.ActiveCfg = Release|Any CPU
		{366705C0-D032-4572-A71E-06BD8375CC81}.Release|x64.Build.0 = Release|Any CPU
		{366705C0-D032-4572-A71E-06BD8375CC81}.Release|x86.ActiveCfg = Release|Any CPU
		{366705C0-D032-4572-A71E-06BD8375CC81}.Release|x86.Build.0 = Release|Any CPU
		{898BD9A2-AB66-4F79-919D-9E435B680E72}.Debug|Any CPU.ActiveCfg = Debug|Any CPU
		{898BD9A2-AB66-4F79-919D-9E435B680E72}.Debug|Any CPU.Build.0 = Debug|Any CPU
		{898BD9A2-AB66-4F79-919D-9E435B680E72}.Debug|x64.ActiveCfg = Debug|Any CPU
		{898BD9A2-AB66-4F79-919D-9E435B680E72}.Debug|x64.Build.0 = Debug|Any CPU
		{898BD9A2-AB66-4F79-919D-9E435B680E72}.Debug|x86.ActiveCfg = Debug|Any CPU
		{898BD9A2-AB66-4F79-919D-9E435B680E72}.Debug|x86.Build.0 = Debug|Any CPU
		{898BD9A2-AB66-4F79-919D-9E435B680E72}.Release|Any CPU.ActiveCfg = Release|Any CPU
		{898BD9A2-AB66-4F79-919D-9E435B680E72}.Release|Any CPU.Build.0 = Release|Any CPU
		{898BD9A2-AB66-4F79-919D-9E435B680E72}.Release|x64.ActiveCfg = Release|Any CPU
		{898BD9A2-AB66-4F79-919D-9E435B680E72}.Release|x64.Build.0 = Release|Any CPU
		{898BD9A2-AB66-4F79-919D-9E435B680E72}.Release|x86.ActiveCfg = Release|Any CPU
		{898BD9A2-AB66-4F79-919D-9E435B680E72}.Release|x86.Build.0 = Release|Any CPU
	EndGlobalSection
	GlobalSection(SolutionProperties) = preSolution
		HideSolutionNode = FALSE
	EndGlobalSection
EndGlobal
